
Microsoft Visual Studio Solution File, Format Version 12.00
# Visual Studio Version 17
VisualStudioVersion = 17.14.36930.0 d17.14
MinimumVisualStudioVersion = 10.0.40219.1
Project("{8BC9CEB8-8B4A-11D0-8D11-00A0C91BC942}") = "SFML_pong", "SFML_pong.vcxproj", "{291962F1-6DFE-40EF-B32E-09F871EEE589}"
EndProject
Global
	GlobalSection(SolutionConfigurationPlatforms) = preSolution
		Debug|x64 = Debug|x64
		Debug|x86 = Debug|x86
		Release|x64 = Release|x64
		Release|x86 = Release|x86
	EndGlobalSection
	GlobalSection(ProjectConfigurationPlatforms) = postSolution
		{291962F1-6DFE-40EF-B32E-09F871EEE589}.Debug|x64.ActiveCfg = Debug|x64
		{291962F1-6DFE-40EF-B32E-09F871EEE589}.Debug|x64.Build.0 = Debug|x64
		{291962F1-6DFE-40EF-B32E-09F871EEE589}.Debug|x86.ActiveCfg = Debug|Win32
		{291962F1-6DFE-40EF-B32E-09F871EEE589}.Debug|x86.Build.0 = Debug|Win32
		{291962F1-6DFE-40EF-B32E-09F871EEE589}.Release|x64.ActiveCfg = Release|x64
		{291962F1-6DFE-40EF-B32E-09F871EEE589}.Release|x64.Build.0 = Release|x64
		{291962F1-6DFE-40EF-B32E-09F871EEE589}.Release|x86.ActiveCfg = Release|Win32
		{291962F1-6DFE-40EF-B32E-09F871EEE589}.Release|x86.Build.0 = Release|Win32
	EndGlobalSection
	GlobalSection(SolutionProperties) = preSolution
		HideSolutionNode = FALSE
	EndGlobalSection
	GlobalSection(ExtensibilityGlobals) = postSolution
		SolutionGuid = {8B1423A2-7925-414D-A599-B51307849CA4}
	EndGlobalSection
EndGlobal
